{
  "originHash" : "8f6e6f8fa9e58d6653623242e3509c6b948d16fba4e1f8404b0c0520d259a899",
  "pins" : [
    {
      "identity" : "dogimages",
      "kind" : "remoteSourceControl",
      "location" : "https://github.com/akshaykumarios/DogImages",
      "state" : {
        "branch" : "main",
        "revision" : "0dee6516c8e6ea167e94eaff2cb0c95436ea4d1e"
      }
    }
  ],
  "version" : 3
}
